
Microsoft Visual Studio Solution File, Format Version 12.00
# Visual Studio Version 17
VisualStudioVersion = 17.11.35327.3
MinimumVisualStudioVersion = 10.0.40219.1
Project("{FAE04EC0-301F-11D3-BF4B-00C04F79EFBC}") = "IMCCalculator", "IMCCalculator\IMCCalculator.csproj", "{2ECDE286-AA2D-407D-A59D-B06B9F119F57}"
EndProject
Global
	GlobalSection(SolutionConfigurationPlatforms) = preSolution
		Debug|Any CPU = Debug|Any CPU
		Release|Any CPU = Release|Any CPU
	EndGlobalSection
	GlobalSection(ProjectConfigurationPlatforms) = postSolution
		{2ECDE286-AA2D-407D-A59D-B06B9F119F57}.Debug|Any CPU.ActiveCfg = Debug|Any CPU
		{2ECDE286-AA2D-407D-A59D-B06B9F119F57}.Debug|Any CPU.Build.0 = Debug|Any CPU
		{2ECDE286-AA2D-407D-A59D-B06B9F119F57}.Release|Any CPU.ActiveCfg = Release|Any CPU
		{2ECDE286-AA2D-407D-A59D-B06B9F119F57}.Release|Any CPU.Build.0 = Release|Any CPU
	EndGlobalSection
	GlobalSection(SolutionProperties) = preSolution
		HideSolutionNode = FALSE
	EndGlobalSection
	GlobalSection(ExtensibilityGlobals) = postSolution
		SolutionGuid = {AB0557AA-1D19-4B5D-9002-5FF59B4161CB}
	EndGlobalSection
EndGlobal
